<?xml version="1.0" encoding="utf-8"?>
<Project ToolsVersion="4.0" xmlns="http://schemas.microsoft.com/developer/msbuild/2003">
  <ItemGroup>
    <Filter Include="Source Files">
      <UniqueIdentifier>{4FC737F1-C7A5-4376-A066-2A32D752A2FF}</UniqueIdentifier>
      <Extensions>cpp;c;cc;cxx;c++;cppm;ixx;def;odl;idl;hpj;bat;asm;asmx</Extensions>
    </Filter>
    <Filter Include="Header Files">
      <UniqueIdentifier>{93995380-89BD-4b04-88EB-625FBE52EBFB}</UniqueIdentifier>
      <Extensions>h;hh;hpp;hxx;h++;hm;inl;inc;ipp;xsd</Extensions>
    </Filter>
    <Filter Include="Resource Files">
      <UniqueIdentifier>{67DA6AB6-F800-4c08-8B7A-83BB121AAD01}</UniqueIdentifier>
      <Extensions>rc;ico;cur;bmp;dlg;rc2;rct;bin;rgs;gif;jpg;jpeg;jpe;resx;tiff;tif;png;wav;mfcribbon-ms</Extensions>
    </Filter>
    <Filter Include="Header Files\gui">
      <UniqueIdentifier>{7904c888-261d-40ce-926c-894fc3119fa6}</UniqueIdentifier>
    </Filter>
    <Filter Include="Header Files\include">
      <UniqueIdentifier>{7d4f9808-686a-4e5f-a58a-008be9708239}</UniqueIdentifier>
    </Filter>
    <Filter Include="Resource Files\data">
      <UniqueIdentifier>{64db4508-14a4-484a-b363-076c999b2182}</UniqueIdentifier>
    </Filter>
  </ItemGroup>
  <ItemGroup>
    <ClInclude Include="ChuyenXe.h">
      <Filter>Header Files\include</Filter>
    </ClInclude>
    <ClInclude Include="Common.h">
      <Filter>Header Files\include</Filter>
    </ClInclude>
    <ClInclude Include="HeThongTaxi.h">
      <Filter>Header Files\include</Filter>
    </ClInclude>
    <ClInclude Include="QuanLyChuyenXe.h">
      <Filter>Header Files\include</Filter>
    </ClInclude>
    <ClInclude Include="QuanLyTaiKhoan.h">
      <Filter>Header Files\include</Filter>
    </ClInclude>
    <ClInclude Include="QuanLyTaiXe.h">
      <Filter>Header Files\include</Filter>
    </ClInclude>
    <ClInclude Include="QuanLyTaxi.h">
      <Filter>Header Files\include</Filter>
    </ClInclude>
    <ClInclude Include="TaiKhoan.h">
      <Filter>Header Files\include</Filter>
    </ClInclude>
    <ClInclude Include="TaiXe.h">
      <Filter>Header Files\include</Filter>
    </ClInclude>
    <ClInclude Include="Taxi.h">
      <Filter>Header Files\include</Filter>
    </ClInclude>
    <ClInclude Include="Style.h">
      <Filter>Header Files\gui</Filter>
    </ClInclude>
  </ItemGroup>
  <ItemGroup>
    <ClCompile Include="BookingPage.cpp">
      <Filter>Source Files</Filter>
    </ClCompile>
    <ClCompile Include="DriverDialog.cpp">
      <Filter>Source Files</Filter>
    </ClCompile>
    <ClCompile Include="DriverPage.cpp">
      <Filter>Source Files</Filter>
    </ClCompile>
    <ClCompile Include="LoginWidget.cpp">
      <Filter>Source Files</Filter>
    </ClCompile>
    <ClCompile Include="main.cpp">
      <Filter>Source Files</Filter>
    </ClCompile>
    <ClCompile Include="MainWindow.cpp">
      <Filter>Source Files</Filter>
    </ClCompile>
    <ClCompile Include="StatsPage.cpp">
      <Filter>Source Files</Filter>
    </ClCompile>
    <ClCompile Include="TaxiPage.cpp">
      <Filter>Source Files</Filter>
    </ClCompile>
  </ItemGroup>
  <ItemGroup>
    <QtMoc Include="BookingPage.h">
      <Filter>Header Files\gui</Filter>
    </QtMoc>
    <QtMoc Include="DriverDialog.h">
      <Filter>Header Files\gui</Filter>
    </QtMoc>
    <QtMoc Include="DriverPage.h">
      <Filter>Header Files\gui</Filter>
    </QtMoc>
    <QtMoc Include="LoginWidget.h">
      <Filter>Header Files\gui</Filter>
    </QtMoc>
    <QtMoc Include="MainWindow.h">
      <Filter>Header Files\gui</Filter>
    </QtMoc>
    <QtMoc Include="StatsPage.h">
      <Filter>Header Files\gui</Filter>
    </QtMoc>
    <QtMoc Include="TaxiPage.h">
      <Filter>Header Files\gui</Filter>
    </QtMoc>
  </ItemGroup>
  <ItemGroup>
    <None Include="cpp.hint" />
  </ItemGroup>
  <ItemGroup>
    <Text Include="data\chuyenxe.txt">
      <Filter>Resource Files\data</Filter>
    </Text>
    <Text Include="data\taikhoan.txt">
      <Filter>Resource Files\data</Filter>
    </Text>
    <Text Include="data\taixe.txt">
      <Filter>Resource Files\data</Filter>
    </Text>
    <Text Include="data\taxi.txt">
      <Filter>Resource Files\data</Filter>
    </Text>
  </ItemGroup>
</Project>